
Microsoft Visual Studio Solution File, Format Version 12.00
# Visual Studio Version 17
VisualStudioVersion = 17.3.32825.248
MinimumVisualStudioVersion = 10.0.40219.1
Project("{00D1A9C2-B5F0-4AF3-8072-F6C62B433612}") = "JobRunner", "JobRunner\JobRunner.sqlproj", "{48029771-E839-4B16-91B4-FE10F40AF16D}"
EndProject
Project("{00D1A9C2-B5F0-4AF3-8072-F6C62B433612}") = "JobRunnerWithDemoData", "JobRunnerWithDemoData\JobRunnerWithDemoData.sqlproj", "{02C185C6-D9C5-4E4B-B5DA-5A4EB77BABCF}"
EndProject
Project("{FAE04EC0-301F-11D3-BF4B-00C04F79EFBC}") = "JobRunner.Build", "JobRunner.Build\JobRunner.Build.csproj", "{4685F425-CB36-4D05-93A6-FF7FAD9DB7CC}"
EndProject
Project("{FAE04EC0-301F-11D3-BF4B-00C04F79EFBC}") = "JobRunnerWithDemoData.Build", "JobRunnerWithDemoData.Build\JobRunnerWithDemoData.Build.csproj", "{411AF9C1-F623-4E61-9F0B-0B7E4C9EBD2A}"
EndProject
Global
	GlobalSection(SolutionConfigurationPlatforms) = preSolution
		Debug|Any CPU = Debug|Any CPU
		Release|Any CPU = Release|Any CPU
	EndGlobalSection
	GlobalSection(ProjectConfigurationPlatforms) = postSolution
		{48029771-E839-4B16-91B4-FE10F40AF16D}.Debug|Any CPU.ActiveCfg = Debug|Any CPU
		{48029771-E839-4B16-91B4-FE10F40AF16D}.Debug|Any CPU.Build.0 = Debug|Any CPU
		{48029771-E839-4B16-91B4-FE10F40AF16D}.Debug|Any CPU.Deploy.0 = Debug|Any CPU
		{48029771-E839-4B16-91B4-FE10F40AF16D}.Release|Any CPU.ActiveCfg = Release|Any CPU
		{48029771-E839-4B16-91B4-FE10F40AF16D}.Release|Any CPU.Build.0 = Release|Any CPU
		{48029771-E839-4B16-91B4-FE10F40AF16D}.Release|Any CPU.Deploy.0 = Release|Any CPU
		{02C185C6-D9C5-4E4B-B5DA-5A4EB77BABCF}.Debug|Any CPU.ActiveCfg = Debug|Any CPU
		{02C185C6-D9C5-4E4B-B5DA-5A4EB77BABCF}.Debug|Any CPU.Build.0 = Debug|Any CPU
		{02C185C6-D9C5-4E4B-B5DA-5A4EB77BABCF}.Debug|Any CPU.Deploy.0 = Debug|Any CPU
		{02C185C6-D9C5-4E4B-B5DA-5A4EB77BABCF}.Release|Any CPU.ActiveCfg = Release|Any CPU
		{02C185C6-D9C5-4E4B-B5DA-5A4EB77BABCF}.Release|Any CPU.Build.0 = Release|Any CPU
		{02C185C6-D9C5-4E4B-B5DA-5A4EB77BABCF}.Release|Any CPU.Deploy.0 = Release|Any CPU
		{4685F425-CB36-4D05-93A6-FF7FAD9DB7CC}.Debug|Any CPU.ActiveCfg = Debug|Any CPU
		{4685F425-CB36-4D05-93A6-FF7FAD9DB7CC}.Debug|Any CPU.Build.0 = Debug|Any CPU
		{4685F425-CB36-4D05-93A6-FF7FAD9DB7CC}.Release|Any CPU.ActiveCfg = Release|Any CPU
		{4685F425-CB36-4D05-93A6-FF7FAD9DB7CC}.Release|Any CPU.Build.0 = Release|Any CPU
		{411AF9C1-F623-4E61-9F0B-0B7E4C9EBD2A}.Debug|Any CPU.ActiveCfg = Debug|Any CPU
		{411AF9C1-F623-4E61-9F0B-0B7E4C9EBD2A}.Debug|Any CPU.Build.0 = Debug|Any CPU
		{411AF9C1-F623-4E61-9F0B-0B7E4C9EBD2A}.Release|Any CPU.ActiveCfg = Release|Any CPU
		{411AF9C1-F623-4E61-9F0B-0B7E4C9EBD2A}.Release|Any CPU.Build.0 = Release|Any CPU
	EndGlobalSection
	GlobalSection(SolutionProperties) = preSolution
		HideSolutionNode = FALSE
	EndGlobalSection
	GlobalSection(ExtensibilityGlobals) = postSolution
		SolutionGuid = {EF08D003-48ED-4BF7-9A85-09A8E11ED6CB}
	EndGlobalSection
EndGlobal
